
Microsoft Visual Studio Solution File, Format Version 12.00
# Visual Studio Version 17
VisualStudioVersion = 17.9.34616.47
MinimumVisualStudioVersion = 10.0.40219.1
Project("{8BC9CEB8-8B4A-11D0-8D11-00A0C91BC942}") = "RelasiDanPewarisan", "RelasiDanPewarisan\RelasiDanPewarisan.vcxproj", "{87497A5C-7F43-4E22-A83E-5DBE494AB036}"
EndProject
Project("{8BC9CEB8-8B4A-11D0-8D11-00A0C91BC942}") = "RelasiJantungdanManusia", "RelasiJantungdanManusia\RelasiJantungdanManusia.vcxproj", "{77F20249-3A1B-45C6-8B8A-B112972E6D6C}"
EndProject
Project("{8BC9CEB8-8B4A-11D0-8D11-00A0C91BC942}") = "RelasiIbudanAnak", "RelasiIbudanAnak\RelasiIbudanAnak.vcxproj", "{35FEC08F-9CC5-443B-BDC4-B820C1FAADF3}"
EndProject
Global
	GlobalSection(SolutionConfigurationPlatforms) = preSolution
		Debug|x64 = Debug|x64
		Debug|x86 = Debug|x86
		Release|x64 = Release|x64
		Release|x86 = Release|x86
	EndGlobalSection
	GlobalSection(ProjectConfigurationPlatforms) = postSolution
		{87497A5C-7F43-4E22-A83E-5DBE494AB036}.Debug|x64.ActiveCfg = Debug|x64
		{87497A5C-7F43-4E22-A83E-5DBE494AB036}.Debug|x64.Build.0 = Debug|x64
		{87497A5C-7F43-4E22-A83E-5DBE494AB036}.Debug|x86.ActiveCfg = Debug|Win32
		{87497A5C-7F43-4E22-A83E-5DBE494AB036}.Debug|x86.Build.0 = Debug|Win32
		{87497A5C-7F43-4E22-A83E-5DBE494AB036}.Release|x64.ActiveCfg = Release|x64
		{87497A5C-7F43-4E22-A83E-5DBE494AB036}.Release|x64.Build.0 = Release|x64
		{87497A5C-7F43-4E22-A83E-5DBE494AB036}.Release|x86.ActiveCfg = Release|Win32
		{87497A5C-7F43-4E22-A83E-5DBE494AB036}.Release|x86.Build.0 = Release|Win32
		{77F20249-3A1B-45C6-8B8A-B112972E6D6C}.Debug|x64.ActiveCfg = Debug|x64
		{77F20249-3A1B-45C6-8B8A-B112972E6D6C}.Debug|x64.Build.0 = Debug|x64
		{77F20249-3A1B-45C6-8B8A-B112972E6D6C}.Debug|x86.ActiveCfg = Debug|Win32
		{77F20249-3A1B-45C6-8B8A-B112972E6D6C}.Debug|x86.Build.0 = Debug|Win32
		{77F20249-3A1B-45C6-8B8A-B112972E6D6C}.Release|x64.ActiveCfg = Release|x64
		{77F20249-3A1B-45C6-8B8A-B112972E6D6C}.Release|x64.Build.0 = Release|x64
		{77F20249-3A1B-45C6-8B8A-B112972E6D6C}.Release|x86.ActiveCfg = Release|Win32
		{77F20249-3A1B-45C6-8B8A-B112972E6D6C}.Release|x86.Build.0 = Release|Win32
		{35FEC08F-9CC5-443B-BDC4-B820C1FAADF3}.Debug|x64.ActiveCfg = Debug|x64
		{35FEC08F-9CC5-443B-BDC4-B820C1FAADF3}.Debug|x64.Build.0 = Debug|x64
		{35FEC08F-9CC5-443B-BDC4-B820C1FAADF3}.Debug|x86.ActiveCfg = Debug|Win32
		{35FEC08F-9CC5-443B-BDC4-B820C1FAADF3}.Debug|x86.Build.0 = Debug|Win32
		{35FEC08F-9CC5-443B-BDC4-B820C1FAADF3}.Release|x64.ActiveCfg = Release|x64
		{35FEC08F-9CC5-443B-BDC4-B820C1FAADF3}.Release|x64.Build.0 = Release|x64
		{35FEC08F-9CC5-443B-BDC4-B820C1FAADF3}.Release|x86.ActiveCfg = Release|Win32
		{35FEC08F-9CC5-443B-BDC4-B820C1FAADF3}.Release|x86.Build.0 = Release|Win32
	EndGlobalSection
	GlobalSection(SolutionProperties) = preSolution
		HideSolutionNode = FALSE
	EndGlobalSection
	GlobalSection(ExtensibilityGlobals) = postSolution
		SolutionGuid = {CD950C06-A9EF-4EE7-A1EA-E146B765D3B7}
	EndGlobalSection
EndGlobal
